
Microsoft Visual Studio Solution File, Format Version 12.00
# Visual Studio 15
Project("{FAE04EC0-301F-11D3-BF4B-00C04F79EFBC}") = "Assembly-CSharp", "Assembly-CSharp.csproj", "{74AA8550-065C-71B0-327A-7A588E212398}"
EndProject
Project("{FAE04EC0-301F-11D3-BF4B-00C04F79EFBC}") = "Assembly-CSharp-Editor", "Assembly-CSharp-Editor.csproj", "{01B86234-DE0B-EACF-EE97-B8F819135CB3}"
EndProject
Global
	GlobalSection(SolutionConfigurationPlatforms) = preSolution
		Debug|Any CPU = Debug|Any CPU
		Release|Any CPU = Release|Any CPU
	EndGlobalSection
	GlobalSection(ProjectConfigurationPlatforms) = postSolution
		{74AA8550-065C-71B0-327A-7A588E212398}.Debug|Any CPU.ActiveCfg = Debug|Any CPU
		{74AA8550-065C-71B0-327A-7A588E212398}.Debug|Any CPU.Build.0 = Debug|Any CPU
		{74AA8550-065C-71B0-327A-7A588E212398}.Release|Any CPU.ActiveCfg = Release|Any CPU
		{74AA8550-065C-71B0-327A-7A588E212398}.Release|Any CPU.Build.0 = Release|Any CPU
		{01B86234-DE0B-EACF-EE97-B8F819135CB3}.Debug|Any CPU.ActiveCfg = Debug|Any CPU
		{01B86234-DE0B-EACF-EE97-B8F819135CB3}.Debug|Any CPU.Build.0 = Debug|Any CPU
		{01B86234-DE0B-EACF-EE97-B8F819135CB3}.Release|Any CPU.ActiveCfg = Release|Any CPU
		{01B86234-DE0B-EACF-EE97-B8F819135CB3}.Release|Any CPU.Build.0 = Release|Any CPU
	EndGlobalSection
	GlobalSection(SolutionProperties) = preSolution
		HideSolutionNode = FALSE
	EndGlobalSection
EndGlobal
